<?xml version="1.0" encoding="utf-8"?>
<Project ToolsVersion="4.0" xmlns="http://schemas.microsoft.com/developer/msbuild/2003">
  <ItemGroup>
    <Filter Include="includes">
      <UniqueIdentifier>{e802bda1-b8cc-479b-8752-220555b4b87b}</UniqueIdentifier>
    </Filter>
    <Filter Include="sources">
      <UniqueIdentifier>{6ee21889-6563-4dcf-84d3-443c451e572c}</UniqueIdentifier>
    </Filter>
  </ItemGroup>
  <ItemGroup>
    <ClCompile Include="main.cpp">
      <Filter>sources</Filter>
    </ClCompile>
    <ClCompile Include="CameraPose.cpp">
      <Filter>sources</Filter>
    </ClCompile>
    <ClCompile Include="..\..\Framework\Network\udp_connection.cpp">
      <Filter>sources</Filter>
    </ClCompile>
    <ClCompile Include="pose.pb.cc">
      <Filter>sources</Filter>
    </ClCompile>
  </ItemGroup>
  <ItemGroup>
    <ClInclude Include="CameraPose.h">
      <Filter>includes</Filter>
    </ClInclude>
    <ClInclude Include="..\..\Framework\Network\udp_connection.h">
      <Filter>includes</Filter>
    </ClInclude>
    <ClInclude Include="pose.pb.h">
      <Filter>includes</Filter>
    </ClInclude>
  </ItemGroup>
</Project>