
Microsoft Visual Studio Solution File, Format Version 10.00
# Visual Studio 2008
Project("{FAE04EC0-301F-11D3-BF4B-00C04F79EFBC}") = "LinearProgram", "LinearProgram\LinearProgram.csproj", "{B1E6D0CB-188E-45B1-B7CC-B59466F7933F}"
EndProject
Global
	GlobalSection(SolutionConfigurationPlatforms) = preSolution
		Debug|Any CPU = Debug|Any CPU
		Release|Any CPU = Release|Any CPU
	EndGlobalSection
	GlobalSection(ProjectConfigurationPlatforms) = postSolution
		{B1E6D0CB-188E-45B1-B7CC-B59466F7933F}.Debug|Any CPU.ActiveCfg = Debug|Any CPU
		{B1E6D0CB-188E-45B1-B7CC-B59466F7933F}.Debug|Any CPU.Build.0 = Debug|Any CPU
		{B1E6D0CB-188E-45B1-B7CC-B59466F7933F}.Release|Any CPU.ActiveCfg = Release|Any CPU
		{B1E6D0CB-188E-45B1-B7CC-B59466F7933F}.Release|Any CPU.Build.0 = Release|Any CPU
	EndGlobalSection
	GlobalSection(SolutionProperties) = preSolution
		HideSolutionNode = FALSE
	EndGlobalSection
EndGlobal
