
Microsoft Visual Studio Solution File, Format Version 10.00
# Visual Studio 2008
Project("{FAE04EC0-301F-11D3-BF4B-00C04F79EFBC}") = "RRTControlPlanner", "RRTControlPlanner.csproj", "{978889F1-5F16-49E8-BDF7-51E6B839041C}"
EndProject
Project("{FAE04EC0-301F-11D3-BF4B-00C04F79EFBC}") = "Common", "..\Common\Common.csproj", "{A23F8E98-E87D-46F3-B319-F1F0E11325F5}"
EndProject
Project("{FAE04EC0-301F-11D3-BF4B-00C04F79EFBC}") = "OcGrid2Poly", "..\OcGrid2Poly\OcGrid2Poly\OcGrid2Poly.csproj", "{01BF2113-ECFE-4A55-B6F1-330CD173906D}"
EndProject
Global
	GlobalSection(SolutionConfigurationPlatforms) = preSolution
		Debug|Any CPU = Debug|Any CPU
		Release|Any CPU = Release|Any CPU
	EndGlobalSection
	GlobalSection(ProjectConfigurationPlatforms) = postSolution
		{978889F1-5F16-49E8-BDF7-51E6B839041C}.Debug|Any CPU.ActiveCfg = Debug|Any CPU
		{978889F1-5F16-49E8-BDF7-51E6B839041C}.Debug|Any CPU.Build.0 = Debug|Any CPU
		{978889F1-5F16-49E8-BDF7-51E6B839041C}.Release|Any CPU.ActiveCfg = Release|Any CPU
		{978889F1-5F16-49E8-BDF7-51E6B839041C}.Release|Any CPU.Build.0 = Release|Any CPU
		{A23F8E98-E87D-46F3-B319-F1F0E11325F5}.Debug|Any CPU.ActiveCfg = Debug|Any CPU
		{A23F8E98-E87D-46F3-B319-F1F0E11325F5}.Debug|Any CPU.Build.0 = Debug|Any CPU
		{A23F8E98-E87D-46F3-B319-F1F0E11325F5}.Release|Any CPU.ActiveCfg = Release|Any CPU
		{A23F8E98-E87D-46F3-B319-F1F0E11325F5}.Release|Any CPU.Build.0 = Release|Any CPU
		{01BF2113-ECFE-4A55-B6F1-330CD173906D}.Debug|Any CPU.ActiveCfg = Debug|Any CPU
		{01BF2113-ECFE-4A55-B6F1-330CD173906D}.Debug|Any CPU.Build.0 = Debug|Any CPU
		{01BF2113-ECFE-4A55-B6F1-330CD173906D}.Release|Any CPU.ActiveCfg = Release|Any CPU
		{01BF2113-ECFE-4A55-B6F1-330CD173906D}.Release|Any CPU.Build.0 = Release|Any CPU
	EndGlobalSection
	GlobalSection(SolutionProperties) = preSolution
		HideSolutionNode = FALSE
	EndGlobalSection
EndGlobal
